// !$*UTF8*$!
{
	archiveVersion = 1;
	classes = {
	};
	objectVersion = 46;
	objects = {

/* Begin PBXBuildFile section */
		DE5F69581C3B0AB100FC2C99 /* channel.json in Resources */ = {isa = PBXBuildFile; fileRef = DE5F69571C3B0AB100FC2C99 /* channel.json */; };
		DE5F696C1C3B0F6F00FC2C99 /* br-alpha.png in Resources */ = {isa = PBXBuildFile; fileRef = DE5F695A1C3B0F6F00FC2C99 /* br-alpha.png */; };
		DE5F696D1C3B0F6F00FC2C99 /* rbb.png in Resources */ = {isa = PBXBuildFile; fileRef = DE5F695B1C3B0F6F00FC2C99 /* rbb.png */; };
		DE5F696E1C3B0F6F00FC2C99 /* info.png in Resources */ = {isa = PBXBuildFile; fileRef = DE5F695C1C3B0F6F00FC2C99 /* info.png */; };
		DE5F696F1C3B0F6F00FC2C99 /* mdr.png in Resources */ = {isa = PBXBuildFile; fileRef = DE5F695D1C3B0F6F00FC2C99 /* mdr.png */; };
		DE5F69701C3B0F6F00FC2C99 /* neo.png in Resources */ = {isa = PBXBuildFile; fileRef = DE5F695E1C3B0F6F00FC2C99 /* neo.png */; };
		DE5F69711C3B0F6F00FC2C99 /* br.png in Resources */ = {isa = PBXBuildFile; fileRef = DE5F695F1C3B0F6F00FC2C99 /* br.png */; };
		DE5F69721C3B0F6F00FC2C99 /* dw.png in Resources */ = {isa = PBXBuildFile; fileRef = DE5F69601C3B0F6F00FC2C99 /* dw.png */; };
		DE5F69731C3B0F6F00FC2C99 /* wdr.png in Resources */ = {isa = PBXBuildFile; fileRef = DE5F69611C3B0F6F00FC2C99 /* wdr.png */; };
		DE5F69741C3B0F6F00FC2C99 /* arte.png in Resources */ = {isa = PBXBuildFile; fileRef = DE5F69621C3B0F6F00FC2C99 /* arte.png */; };
		DE5F69751C3B0F6F00FC2C99 /* kultur.png in Resources */ = {isa = PBXBuildFile; fileRef = DE5F69631C3B0F6F00FC2C99 /* kultur.png */; };
		DE5F69761C3B0F6F00FC2C99 /* swr.png in Resources */ = {isa = PBXBuildFile; fileRef = DE5F69641C3B0F6F00FC2C99 /* swr.png */; };
		DE5F69771C3B0F6F00FC2C99 /* phoenix.png in Resources */ = {isa = PBXBuildFile; fileRef = DE5F69651C3B0F6F00FC2C99 /* phoenix.png */; };
		DE5F69781C3B0F6F00FC2C99 /* 3sat.png in Resources */ = {isa = PBXBuildFile; fileRef = DE5F69661C3B0F6F00FC2C99 /* 3sat.png */; };
		DE5F69791C3B0F6F00FC2C99 /* ard.png in Resources */ = {isa = PBXBuildFile; fileRef = DE5F69671C3B0F6F00FC2C99 /* ard.png */; };
		DE5F697A1C3B0F6F00FC2C99 /* kika.png in Resources */ = {isa = PBXBuildFile; fileRef = DE5F69681C3B0F6F00FC2C99 /* kika.png */; };
		DE5F697B1C3B0F6F00FC2C99 /* ndr.png in Resources */ = {isa = PBXBuildFile; fileRef = DE5F69691C3B0F6F00FC2C99 /* ndr.png */; };
		DE5F697C1C3B0F6F00FC2C99 /* tagesschau24.png in Resources */ = {isa = PBXBuildFile; fileRef = DE5F696A1C3B0F6F00FC2C99 /* tagesschau24.png */; };
		DE5F697D1C3B0F6F00FC2C99 /* zdf.png in Resources */ = {isa = PBXBuildFile; fileRef = DE5F696B1C3B0F6F00FC2C99 /* zdf.png */; };
		DE5F69801C3B0F8200FC2C99 /* sr.png in Resources */ = {isa = PBXBuildFile; fileRef = DE5F697E1C3B0F8200FC2C99 /* sr.png */; };
		DE5F69811C3B0F8200FC2C99 /* hr.png in Resources */ = {isa = PBXBuildFile; fileRef = DE5F697F1C3B0F8200FC2C99 /* hr.png */; };
		DE5F69821C3B1A9100FC2C99 /* br-alpha.png in Resources */ = {isa = PBXBuildFile; fileRef = DE5F695A1C3B0F6F00FC2C99 /* br-alpha.png */; };
		DE5F69831C3B1A9100FC2C99 /* rbb.png in Resources */ = {isa = PBXBuildFile; fileRef = DE5F695B1C3B0F6F00FC2C99 /* rbb.png */; };
		DE5F69841C3B1A9100FC2C99 /* info.png in Resources */ = {isa = PBXBuildFile; fileRef = DE5F695C1C3B0F6F00FC2C99 /* info.png */; };
		DE5F69851C3B1A9100FC2C99 /* mdr.png in Resources */ = {isa = PBXBuildFile; fileRef = DE5F695D1C3B0F6F00FC2C99 /* mdr.png */; };
		DE5F69861C3B1A9100FC2C99 /* neo.png in Resources */ = {isa = PBXBuildFile; fileRef = DE5F695E1C3B0F6F00FC2C99 /* neo.png */; };
		DE5F69871C3B1A9100FC2C99 /* br.png in Resources */ = {isa = PBXBuildFile; fileRef = DE5F695F1C3B0F6F00FC2C99 /* br.png */; };
		DE5F69881C3B1A9100FC2C99 /* dw.png in Resources */ = {isa = PBXBuildFile; fileRef = DE5F69601C3B0F6F00FC2C99 /* dw.png */; };
		DE5F69891C3B1A9100FC2C99 /* wdr.png in Resources */ = {isa = PBXBuildFile; fileRef = DE5F69611C3B0F6F00FC2C99 /* wdr.png */; };
		DE5F698A1C3B1A9100FC2C99 /* arte.png in Resources */ = {isa = PBXBuildFile; fileRef = DE5F69621C3B0F6F00FC2C99 /* arte.png */; };
		DE5F698B1C3B1A9100FC2C99 /* kultur.png in Resources */ = {isa = PBXBuildFile; fileRef = DE5F69631C3B0F6F00FC2C99 /* kultur.png */; };
		DE5F698C1C3B1A9100FC2C99 /* swr.png in Resources */ = {isa = PBXBuildFile; fileRef = DE5F69641C3B0F6F00FC2C99 /* swr.png */; };
		DE5F698D1C3B1A9100FC2C99 /* phoenix.png in Resources */ = {isa = PBXBuildFile; fileRef = DE5F69651C3B0F6F00FC2C99 /* phoenix.png */; };
		DE5F698E1C3B1A9100FC2C99 /* 3sat.png in Resources */ = {isa = PBXBuildFile; fileRef = DE5F69661C3B0F6F00FC2C99 /* 3sat.png */; };
		DE5F698F1C3B1A9100FC2C99 /* ard.png in Resources */ = {isa = PBXBuildFile; fileRef = DE5F69671C3B0F6F00FC2C99 /* ard.png */; };
		DE5F69901C3B1A9100FC2C99 /* kika.png in Resources */ = {isa = PBXBuildFile; fileRef = DE5F69681C3B0F6F00FC2C99 /* kika.png */; };
		DE5F69911C3B1A9100FC2C99 /* ndr.png in Resources */ = {isa = PBXBuildFile; fileRef = DE5F69691C3B0F6F00FC2C99 /* ndr.png */; };
		DE5F69921C3B1A9100FC2C99 /* tagesschau24.png in Resources */ = {isa = PBXBuildFile; fileRef = DE5F696A1C3B0F6F00FC2C99 /* tagesschau24.png */; };
		DE5F69931C3B1A9100FC2C99 /* zdf.png in Resources */ = {isa = PBXBuildFile; fileRef = DE5F696B1C3B0F6F00FC2C99 /* zdf.png */; };
		DE5F69941C3B1A9100FC2C99 /* sr.png in Resources */ = {isa = PBXBuildFile; fileRef = DE5F697E1C3B0F8200FC2C99 /* sr.png */; };
		DE5F69951C3B1A9100FC2C99 /* hr.png in Resources */ = {isa = PBXBuildFile; fileRef = DE5F697F1C3B0F8200FC2C99 /* hr.png */; };
		DE5F69961C3B1B7700FC2C99 /* channel.json in Resources */ = {isa = PBXBuildFile; fileRef = DE5F69571C3B0AB100FC2C99 /* channel.json */; };
		DE5F69991C3C652000FC2C99 /* PlayerView.m in Sources */ = {isa = PBXBuildFile; fileRef = DE5F69981C3C652000FC2C99 /* PlayerView.m */; };
		DE698DB81C398FE6002584EC /* main.m in Sources */ = {isa = PBXBuildFile; fileRef = DE698DB71C398FE6002584EC /* main.m */; };
		DE698DBB1C398FE6002584EC /* AppDelegate.m in Sources */ = {isa = PBXBuildFile; fileRef = DE698DBA1C398FE6002584EC /* AppDelegate.m */; };
		DE698DC11C398FE6002584EC /* Main.storyboard in Resources */ = {isa = PBXBuildFile; fileRef = DE698DBF1C398FE6002584EC /* Main.storyboard */; };
		DE698DC31C398FE6002584EC /* Assets.xcassets in Resources */ = {isa = PBXBuildFile; fileRef = DE698DC21C398FE6002584EC /* Assets.xcassets */; };
		DE698DCE1C3995D3002584EC /* VideoCell.m in Sources */ = {isa = PBXBuildFile; fileRef = DE698DCD1C3995D3002584EC /* VideoCell.m */; };
		DE698DD61C39DAAA002584EC /* TVServices.framework in Frameworks */ = {isa = PBXBuildFile; fileRef = DE698DD51C39DAAA002584EC /* TVServices.framework */; };
		DE698DDA1C39DAAA002584EC /* ServiceProvider.m in Sources */ = {isa = PBXBuildFile; fileRef = DE698DD91C39DAAA002584EC /* ServiceProvider.m */; };
		DE698DDE1C39DAAA002584EC /* TelematShelfExtension.appex in Embed App Extensions */ = {isa = PBXBuildFile; fileRef = DE698DD31C39DAAA002584EC /* TelematShelfExtension.appex */; settings = {ATTRIBUTES = (RemoveHeadersOnCopy, ); }; };
		DE698DE61C39E9E2002584EC /* VideoPlayerViewController.m in Sources */ = {isa = PBXBuildFile; fileRef = DE698DE51C39E9E2002584EC /* VideoPlayerViewController.m */; };
/* End PBXBuildFile section */

/* Begin PBXContainerItemProxy section */
		DE698DDC1C39DAAA002584EC /* PBXContainerItemProxy */ = {
			isa = PBXContainerItemProxy;
			containerPortal = DE698DAB1C398FE6002584EC /* Project object */;
			proxyType = 1;
			remoteGlobalIDString = DE698DD21C39DAAA002584EC;
			remoteInfo = TelematShelfExtension;
		};
/* End PBXContainerItemProxy section */

/* Begin PBXCopyFilesBuildPhase section */
		DE698DE21C39DAAA002584EC /* Embed App Extensions */ = {
			isa = PBXCopyFilesBuildPhase;
			buildActionMask = 2147483647;
			dstPath = "";
			dstSubfolderSpec = 13;
			files = (
				DE698DDE1C39DAAA002584EC /* TelematShelfExtension.appex in Embed App Extensions */,
			);
			name = "Embed App Extensions";
			runOnlyForDeploymentPostprocessing = 0;
		};
/* End PBXCopyFilesBuildPhase section */

/* Begin PBXFileReference section */
		DE5F69571C3B0AB100FC2C99 /* channel.json */ = {isa = PBXFileReference; fileEncoding = 4; lastKnownFileType = text.json; path = channel.json; sourceTree = "<group>"; };
		DE5F695A1C3B0F6F00FC2C99 /* br-alpha.png */ = {isa = PBXFileReference; lastKnownFileType = image.png; path = "br-alpha.png"; sourceTree = "<group>"; };
		DE5F695B1C3B0F6F00FC2C99 /* rbb.png */ = {isa = PBXFileReference; lastKnownFileType = image.png; path = rbb.png; sourceTree = "<group>"; };
		DE5F695C1C3B0F6F00FC2C99 /* info.png */ = {isa = PBXFileReference; lastKnownFileType = image.png; path = info.png; sourceTree = "<group>"; };
		DE5F695D1C3B0F6F00FC2C99 /* mdr.png */ = {isa = PBXFileReference; lastKnownFileType = image.png; path = mdr.png; sourceTree = "<group>"; };
		DE5F695E1C3B0F6F00FC2C99 /* neo.png */ = {isa = PBXFileReference; lastKnownFileType = image.png; path = neo.png; sourceTree = "<group>"; };
		DE5F695F1C3B0F6F00FC2C99 /* br.png */ = {isa = PBXFileReference; lastKnownFileType = image.png; path = br.png; sourceTree = "<group>"; };
		DE5F69601C3B0F6F00FC2C99 /* dw.png */ = {isa = PBXFileReference; lastKnownFileType = image.png; path = dw.png; sourceTree = "<group>"; };
		DE5F69611C3B0F6F00FC2C99 /* wdr.png */ = {isa = PBXFileReference; lastKnownFileType = image.png; path = wdr.png; sourceTree = "<group>"; };
		DE5F69621C3B0F6F00FC2C99 /* arte.png */ = {isa = PBXFileReference; lastKnownFileType = image.png; path = arte.png; sourceTree = "<group>"; };
		DE5F69631C3B0F6F00FC2C99 /* kultur.png */ = {isa = PBXFileReference; lastKnownFileType = image.png; path = kultur.png; sourceTree = "<group>"; };
		DE5F69641C3B0F6F00FC2C99 /* swr.png */ = {isa = PBXFileReference; lastKnownFileType = image.png; path = swr.png; sourceTree = "<group>"; };
		DE5F69651C3B0F6F00FC2C99 /* phoenix.png */ = {isa = PBXFileReference; lastKnownFileType = image.png; path = phoenix.png; sourceTree = "<group>"; };
		DE5F69661C3B0F6F00FC2C99 /* 3sat.png */ = {isa = PBXFileReference; lastKnownFileType = image.png; path = 3sat.png; sourceTree = "<group>"; };
		DE5F69671C3B0F6F00FC2C99 /* ard.png */ = {isa = PBXFileReference; lastKnownFileType = image.png; path = ard.png; sourceTree = "<group>"; };
		DE5F69681C3B0F6F00FC2C99 /* kika.png */ = {isa = PBXFileReference; lastKnownFileType = image.png; path = kika.png; sourceTree = "<group>"; };
		DE5F69691C3B0F6F00FC2C99 /* ndr.png */ = {isa = PBXFileReference; lastKnownFileType = image.png; path = ndr.png; sourceTree = "<group>"; };
		DE5F696A1C3B0F6F00FC2C99 /* tagesschau24.png */ = {isa = PBXFileReference; lastKnownFileType = image.png; path = tagesschau24.png; sourceTree = "<group>"; };
		DE5F696B1C3B0F6F00FC2C99 /* zdf.png */ = {isa = PBXFileReference; lastKnownFileType = image.png; path = zdf.png; sourceTree = "<group>"; };
		DE5F697E1C3B0F8200FC2C99 /* sr.png */ = {isa = PBXFileReference; lastKnownFileType = image.png; path = sr.png; sourceTree = "<group>"; };
		DE5F697F1C3B0F8200FC2C99 /* hr.png */ = {isa = PBXFileReference; lastKnownFileType = image.png; path = hr.png; sourceTree = "<group>"; };
		DE5F69971C3C652000FC2C99 /* PlayerView.h */ = {isa = PBXFileReference; fileEncoding = 4; lastKnownFileType = sourcecode.c.h; path = PlayerView.h; sourceTree = "<group>"; };
		DE5F69981C3C652000FC2C99 /* PlayerView.m */ = {isa = PBXFileReference; fileEncoding = 4; lastKnownFileType = sourcecode.c.objc; path = PlayerView.m; sourceTree = "<group>"; };
		DE698DB31C398FE6002584EC /* Telemat.app */ = {isa = PBXFileReference; explicitFileType = wrapper.application; includeInIndex = 0; path = Telemat.app; sourceTree = BUILT_PRODUCTS_DIR; };
		DE698DB71C398FE6002584EC /* main.m */ = {isa = PBXFileReference; lastKnownFileType = sourcecode.c.objc; path = main.m; sourceTree = "<group>"; };
		DE698DB91C398FE6002584EC /* AppDelegate.h */ = {isa = PBXFileReference; lastKnownFileType = sourcecode.c.h; path = AppDelegate.h; sourceTree = "<group>"; };
		DE698DBA1C398FE6002584EC /* AppDelegate.m */ = {isa = PBXFileReference; lastKnownFileType = sourcecode.c.objc; path = AppDelegate.m; sourceTree = "<group>"; };
		DE698DC01C398FE6002584EC /* Base */ = {isa = PBXFileReference; lastKnownFileType = file.storyboard; name = Base; path = Base.lproj/Main.storyboard; sourceTree = "<group>"; };
		DE698DC21C398FE6002584EC /* Assets.xcassets */ = {isa = PBXFileReference; lastKnownFileType = folder.assetcatalog; path = Assets.xcassets; sourceTree = "<group>"; };
		DE698DC41C398FE6002584EC /* Info.plist */ = {isa = PBXFileReference; lastKnownFileType = text.plist.xml; path = Info.plist; sourceTree = "<group>"; };
		DE698DCC1C3995D3002584EC /* VideoCell.h */ = {isa = PBXFileReference; fileEncoding = 4; lastKnownFileType = sourcecode.c.h; path = VideoCell.h; sourceTree = "<group>"; };
		DE698DCD1C3995D3002584EC /* VideoCell.m */ = {isa = PBXFileReference; fileEncoding = 4; lastKnownFileType = sourcecode.c.objc; path = VideoCell.m; sourceTree = "<group>"; };
		DE698DD31C39DAAA002584EC /* TelematShelfExtension.appex */ = {isa = PBXFileReference; explicitFileType = "wrapper.app-extension"; includeInIndex = 0; path = TelematShelfExtension.appex; sourceTree = BUILT_PRODUCTS_DIR; };
		DE698DD51C39DAAA002584EC /* TVServices.framework */ = {isa = PBXFileReference; lastKnownFileType = wrapper.framework; name = TVServices.framework; path = System/Library/Frameworks/TVServices.framework; sourceTree = SDKROOT; };
		DE698DD81C39DAAA002584EC /* ServiceProvider.h */ = {isa = PBXFileReference; lastKnownFileType = sourcecode.c.h; path = ServiceProvider.h; sourceTree = "<group>"; };
		DE698DD91C39DAAA002584EC /* ServiceProvider.m */ = {isa = PBXFileReference; lastKnownFileType = sourcecode.c.objc; path = ServiceProvider.m; sourceTree = "<group>"; };
		DE698DDB1C39DAAA002584EC /* Info.plist */ = {isa = PBXFileReference; lastKnownFileType = text.plist.xml; path = Info.plist; sourceTree = "<group>"; };
		DE698DE41C39E9E2002584EC /* VideoPlayerViewController.h */ = {isa = PBXFileReference; fileEncoding = 4; lastKnownFileType = sourcecode.c.h; path = VideoPlayerViewController.h; sourceTree = "<group>"; };
		DE698DE51C39E9E2002584EC /* VideoPlayerViewController.m */ = {isa = PBXFileReference; fileEncoding = 4; lastKnownFileType = sourcecode.c.objc; path = VideoPlayerViewController.m; sourceTree = "<group>"; };
/* End PBXFileReference section */

/* Begin PBXFrameworksBuildPhase section */
		DE698DB01C398FE6002584EC /* Frameworks */ = {
			isa = PBXFrameworksBuildPhase;
			buildActionMask = 2147483647;
			files = (
			);
			runOnlyForDeploymentPostprocessing = 0;
		};
		DE698DD01C39DAAA002584EC /* Frameworks */ = {
			isa = PBXFrameworksBuildPhase;
			buildActionMask = 2147483647;
			files = (
				DE698DD61C39DAAA002584EC /* TVServices.framework in Frameworks */,
			);
			runOnlyForDeploymentPostprocessing = 0;
		};
/* End PBXFrameworksBuildPhase section */

/* Begin PBXGroup section */
		DE5F69591C3B0F4300FC2C99 /* logo */ = {
			isa = PBXGroup;
			children = (
				DE5F69671C3B0F6F00FC2C99 /* ard.png */,
				DE5F695A1C3B0F6F00FC2C99 /* br-alpha.png */,
				DE5F695B1C3B0F6F00FC2C99 /* rbb.png */,
				DE5F695C1C3B0F6F00FC2C99 /* info.png */,
				DE5F695D1C3B0F6F00FC2C99 /* mdr.png */,
				DE5F695E1C3B0F6F00FC2C99 /* neo.png */,
				DE5F695F1C3B0F6F00FC2C99 /* br.png */,
				DE5F69601C3B0F6F00FC2C99 /* dw.png */,
				DE5F69611C3B0F6F00FC2C99 /* wdr.png */,
				DE5F69621C3B0F6F00FC2C99 /* arte.png */,
				DE5F69631C3B0F6F00FC2C99 /* kultur.png */,
				DE5F69641C3B0F6F00FC2C99 /* swr.png */,
				DE5F69651C3B0F6F00FC2C99 /* phoenix.png */,
				DE5F69661C3B0F6F00FC2C99 /* 3sat.png */,
				DE5F69681C3B0F6F00FC2C99 /* kika.png */,
				DE5F69691C3B0F6F00FC2C99 /* ndr.png */,
				DE5F696A1C3B0F6F00FC2C99 /* tagesschau24.png */,
				DE5F696B1C3B0F6F00FC2C99 /* zdf.png */,
				DE5F697E1C3B0F8200FC2C99 /* sr.png */,
				DE5F697F1C3B0F8200FC2C99 /* hr.png */,
			);
			name = logo;
			sourceTree = "<group>";
		};
		DE5F699B1C3C671800FC2C99 /* Player */ = {
			isa = PBXGroup;
			children = (
				DE698DE41C39E9E2002584EC /* VideoPlayerViewController.h */,
				DE698DE51C39E9E2002584EC /* VideoPlayerViewController.m */,
				DE5F69971C3C652000FC2C99 /* PlayerView.h */,
				DE5F69981C3C652000FC2C99 /* PlayerView.m */,
				DE698DCC1C3995D3002584EC /* VideoCell.h */,
				DE698DCD1C3995D3002584EC /* VideoCell.m */,
			);
			name = Player;
			sourceTree = "<group>";
		};
		DE698DAA1C398FE6002584EC = {
			isa = PBXGroup;
			children = (
				DE698DB51C398FE6002584EC /* Telemat */,
				DE698DD71C39DAAA002584EC /* TelematShelfExtension */,
				DE698DD41C39DAAA002584EC /* Frameworks */,
				DE698DB41C398FE6002584EC /* Products */,
			);
			sourceTree = "<group>";
		};
		DE698DB41C398FE6002584EC /* Products */ = {
			isa = PBXGroup;
			children = (
				DE698DB31C398FE6002584EC /* Telemat.app */,
				DE698DD31C39DAAA002584EC /* TelematShelfExtension.appex */,
			);
			name = Products;
			sourceTree = "<group>";
		};
		DE698DB51C398FE6002584EC /* Telemat */ = {
			isa = PBXGroup;
			children = (
				DE698DB91C398FE6002584EC /* AppDelegate.h */,
				DE698DBA1C398FE6002584EC /* AppDelegate.m */,
				DE5F699B1C3C671800FC2C99 /* Player */,
				DE698DBF1C398FE6002584EC /* Main.storyboard */,
				DE5F69571C3B0AB100FC2C99 /* channel.json */,
				DE698DC21C398FE6002584EC /* Assets.xcassets */,
				DE698DC41C398FE6002584EC /* Info.plist */,
				DE5F69591C3B0F4300FC2C99 /* logo */,
				DE698DB61C398FE6002584EC /* Supporting Files */,
			);
			path = Telemat;
			sourceTree = "<group>";
		};
		DE698DB61C398FE6002584EC /* Supporting Files */ = {
			isa = PBXGroup;
			children = (
				DE698DB71C398FE6002584EC /* main.m */,
			);
			name = "Supporting Files";
			sourceTree = "<group>";
		};
		DE698DD41C39DAAA002584EC /* Frameworks */ = {
			isa = PBXGroup;
			children = (
				DE698DD51C39DAAA002584EC /* TVServices.framework */,
			);
			name = Frameworks;
			sourceTree = "<group>";
		};
		DE698DD71C39DAAA002584EC /* TelematShelfExtension */ = {
			isa = PBXGroup;
			children = (
				DE698DD81C39DAAA002584EC /* ServiceProvider.h */,
				DE698DD91C39DAAA002584EC /* ServiceProvider.m */,
				DE698DDB1C39DAAA002584EC /* Info.plist */,
			);
			path = TelematShelfExtension;
			sourceTree = "<group>";
		};
/* End PBXGroup section */

/* Begin PBXNativeTarget section */
		DE698DB21C398FE6002584EC /* Telemat */ = {
			isa = PBXNativeTarget;
			buildConfigurationList = DE698DC71C398FE6002584EC /* Build configuration list for PBXNativeTarget "Telemat" */;
			buildPhases = (
				DE698DAF1C398FE6002584EC /* Sources */,
				DE698DB01C398FE6002584EC /* Frameworks */,
				DE698DB11C398FE6002584EC /* Resources */,
				DE698DE21C39DAAA002584EC /* Embed App Extensions */,
			);
			buildRules = (
			);
			dependencies = (
				DE698DDD1C39DAAA002584EC /* PBXTargetDependency */,
			);
			name = Telemat;
			productName = Telemat;
			productReference = DE698DB31C398FE6002584EC /* Telemat.app */;
			productType = "com.apple.product-type.application";
		};
		DE698DD21C39DAAA002584EC /* TelematShelfExtension */ = {
			isa = PBXNativeTarget;
			buildConfigurationList = DE698DE11C39DAAA002584EC /* Build configuration list for PBXNativeTarget "TelematShelfExtension" */;
			buildPhases = (
				DE698DCF1C39DAAA002584EC /* Sources */,
				DE698DD01C39DAAA002584EC /* Frameworks */,
				DE698DD11C39DAAA002584EC /* Resources */,
			);
			buildRules = (
			);
			dependencies = (
			);
			name = TelematShelfExtension;
			productName = TelematShelfExtension;
			productReference = DE698DD31C39DAAA002584EC /* TelematShelfExtension.appex */;
			productType = "com.apple.product-type.tv-app-extension";
		};
/* End PBXNativeTarget section */

/* Begin PBXProject section */
		DE698DAB1C398FE6002584EC /* Project object */ = {
			isa = PBXProject;
			attributes = {
				LastUpgradeCheck = 0720;
				ORGANIZATIONNAME = "Oliver Michalak";
				TargetAttributes = {
					DE698DB21C398FE6002584EC = {
						CreatedOnToolsVersion = 7.2;
					};
					DE698DD21C39DAAA002584EC = {
						CreatedOnToolsVersion = 7.2;
						DevelopmentTeam = 6ZU459JA6J;
					};
				};
			};
			buildConfigurationList = DE698DAE1C398FE6002584EC /* Build configuration list for PBXProject "Telemat" */;
			compatibilityVersion = "Xcode 3.2";
			developmentRegion = English;
			hasScannedForEncodings = 0;
			knownRegions = (
				en,
				Base,
			);
			mainGroup = DE698DAA1C398FE6002584EC;
			productRefGroup = DE698DB41C398FE6002584EC /* Products */;
			projectDirPath = "";
			projectRoot = "";
			targets = (
				DE698DB21C398FE6002584EC /* Telemat */,
				DE698DD21C39DAAA002584EC /* TelematShelfExtension */,
			);
		};
/* End PBXProject section */

/* Begin PBXResourcesBuildPhase section */
		DE698DB11C398FE6002584EC /* Resources */ = {
			isa = PBXResourcesBuildPhase;
			buildActionMask = 2147483647;
			files = (
				DE5F696D1C3B0F6F00FC2C99 /* rbb.png in Resources */,
				DE5F696E1C3B0F6F00FC2C99 /* info.png in Resources */,
				DE5F697B1C3B0F6F00FC2C99 /* ndr.png in Resources */,
				DE5F69811C3B0F8200FC2C99 /* hr.png in Resources */,
				DE5F697C1C3B0F6F00FC2C99 /* tagesschau24.png in Resources */,
				DE698DC31C398FE6002584EC /* Assets.xcassets in Resources */,
				DE5F69791C3B0F6F00FC2C99 /* ard.png in Resources */,
				DE5F69731C3B0F6F00FC2C99 /* wdr.png in Resources */,
				DE5F69721C3B0F6F00FC2C99 /* dw.png in Resources */,
				DE5F69581C3B0AB100FC2C99 /* channel.json in Resources */,
				DE5F696C1C3B0F6F00FC2C99 /* br-alpha.png in Resources */,
				DE5F69711C3B0F6F00FC2C99 /* br.png in Resources */,
				DE5F696F1C3B0F6F00FC2C99 /* mdr.png in Resources */,
				DE5F69781C3B0F6F00FC2C99 /* 3sat.png in Resources */,
				DE5F69771C3B0F6F00FC2C99 /* phoenix.png in Resources */,
				DE5F697A1C3B0F6F00FC2C99 /* kika.png in Resources */,
				DE5F69761C3B0F6F00FC2C99 /* swr.png in Resources */,
				DE5F69801C3B0F8200FC2C99 /* sr.png in Resources */,
				DE5F69701C3B0F6F00FC2C99 /* neo.png in Resources */,
				DE5F69741C3B0F6F00FC2C99 /* arte.png in Resources */,
				DE5F697D1C3B0F6F00FC2C99 /* zdf.png in Resources */,
				DE5F69751C3B0F6F00FC2C99 /* kultur.png in Resources */,
				DE698DC11C398FE6002584EC /* Main.storyboard in Resources */,
			);
			runOnlyForDeploymentPostprocessing = 0;
		};
		DE698DD11C39DAAA002584EC /* Resources */ = {
			isa = PBXResourcesBuildPhase;
			buildActionMask = 2147483647;
			files = (
				DE5F69951C3B1A9100FC2C99 /* hr.png in Resources */,
				DE5F698F1C3B1A9100FC2C99 /* ard.png in Resources */,
				DE5F69891C3B1A9100FC2C99 /* wdr.png in Resources */,
				DE5F69931C3B1A9100FC2C99 /* zdf.png in Resources */,
				DE5F698A1C3B1A9100FC2C99 /* arte.png in Resources */,
				DE5F698E1C3B1A9100FC2C99 /* 3sat.png in Resources */,
				DE5F698D1C3B1A9100FC2C99 /* phoenix.png in Resources */,
				DE5F69861C3B1A9100FC2C99 /* neo.png in Resources */,
				DE5F69831C3B1A9100FC2C99 /* rbb.png in Resources */,
				DE5F69851C3B1A9100FC2C99 /* mdr.png in Resources */,
				DE5F69821C3B1A9100FC2C99 /* br-alpha.png in Resources */,
				DE5F69941C3B1A9100FC2C99 /* sr.png in Resources */,
				DE5F698C1C3B1A9100FC2C99 /* swr.png in Resources */,
				DE5F69911C3B1A9100FC2C99 /* ndr.png in Resources */,
				DE5F698B1C3B1A9100FC2C99 /* kultur.png in Resources */,
				DE5F69901C3B1A9100FC2C99 /* kika.png in Resources */,
				DE5F69881C3B1A9100FC2C99 /* dw.png in Resources */,
				DE5F69921C3B1A9100FC2C99 /* tagesschau24.png in Resources */,
				DE5F69961C3B1B7700FC2C99 /* channel.json in Resources */,
				DE5F69841C3B1A9100FC2C99 /* info.png in Resources */,
				DE5F69871C3B1A9100FC2C99 /* br.png in Resources */,
			);
			runOnlyForDeploymentPostprocessing = 0;
		};
/* End PBXResourcesBuildPhase section */

/* Begin PBXSourcesBuildPhase section */
		DE698DAF1C398FE6002584EC /* Sources */ = {
			isa = PBXSourcesBuildPhase;
			buildActionMask = 2147483647;
			files = (
				DE698DE61C39E9E2002584EC /* VideoPlayerViewController.m in Sources */,
				DE5F69991C3C652000FC2C99 /* PlayerView.m in Sources */,
				DE698DCE1C3995D3002584EC /* VideoCell.m in Sources */,
				DE698DBB1C398FE6002584EC /* AppDelegate.m in Sources */,
				DE698DB81C398FE6002584EC /* main.m in Sources */,
			);
			runOnlyForDeploymentPostprocessing = 0;
		};
		DE698DCF1C39DAAA002584EC /* Sources */ = {
			isa = PBXSourcesBuildPhase;
			buildActionMask = 2147483647;
			files = (
				DE698DDA1C39DAAA002584EC /* ServiceProvider.m in Sources */,
			);
			runOnlyForDeploymentPostprocessing = 0;
		};
/* End PBXSourcesBuildPhase section */

/* Begin PBXTargetDependency section */
		DE698DDD1C39DAAA002584EC /* PBXTargetDependency */ = {
			isa = PBXTargetDependency;
			target = DE698DD21C39DAAA002584EC /* TelematShelfExtension */;
			targetProxy = DE698DDC1C39DAAA002584EC /* PBXContainerItemProxy */;
		};
/* End PBXTargetDependency section */

/* Begin PBXVariantGroup section */
		DE698DBF1C398FE6002584EC /* Main.storyboard */ = {
			isa = PBXVariantGroup;
			children = (
				DE698DC01C398FE6002584EC /* Base */,
			);
			name = Main.storyboard;
			sourceTree = "<group>";
		};
/* End PBXVariantGroup section */

/* Begin XCBuildConfiguration section */
		DE698DC51C398FE6002584EC /* Debug */ = {
			isa = XCBuildConfiguration;
			buildSettings = {
				ALWAYS_SEARCH_USER_PATHS = NO;
				CLANG_CXX_LANGUAGE_STANDARD = "gnu++0x";
				CLANG_CXX_LIBRARY = "libc++";
				CLANG_ENABLE_MODULES = YES;
				CLANG_ENABLE_OBJC_ARC = YES;
				CLANG_WARN_BOOL_CONVERSION = YES;
				CLANG_WARN_CONSTANT_CONVERSION = YES;
				CLANG_WARN_DIRECT_OBJC_ISA_USAGE = YES_ERROR;
				CLANG_WARN_EMPTY_BODY = YES;
				CLANG_WARN_ENUM_CONVERSION = YES;
				CLANG_WARN_INT_CONVERSION = YES;
				CLANG_WARN_OBJC_ROOT_CLASS = YES_ERROR;
				CLANG_WARN_UNREACHABLE_CODE = YES;
				CLANG_WARN__DUPLICATE_METHOD_MATCH = YES;
				COPY_PHASE_STRIP = NO;
				DEBUG_INFORMATION_FORMAT = dwarf;
				ENABLE_STRICT_OBJC_MSGSEND = YES;
				ENABLE_TESTABILITY = YES;
				GCC_C_LANGUAGE_STANDARD = gnu99;
				GCC_DYNAMIC_NO_PIC = NO;
				GCC_NO_COMMON_BLOCKS = YES;
				GCC_OPTIMIZATION_LEVEL = 0;
				GCC_PREPROCESSOR_DEFINITIONS = (
					"DEBUG=1",
					"$(inherited)",
				);
				GCC_WARN_64_TO_32_BIT_CONVERSION = YES;
				GCC_WARN_ABOUT_RETURN_TYPE = YES_ERROR;
				GCC_WARN_UNDECLARED_SELECTOR = YES;
				GCC_WARN_UNINITIALIZED_AUTOS = YES_AGGRESSIVE;
				GCC_WARN_UNUSED_FUNCTION = YES;
				GCC_WARN_UNUSED_VARIABLE = YES;
				MTL_ENABLE_DEBUG_INFO = YES;
				ONLY_ACTIVE_ARCH = YES;
				SDKROOT = appletvos;
				TARGETED_DEVICE_FAMILY = 3;
				TVOS_DEPLOYMENT_TARGET = 9.1;
			};
			name = Debug;
		};
		DE698DC61C398FE6002584EC /* Release */ = {
			isa = XCBuildConfiguration;
			buildSettings = {
				ALWAYS_SEARCH_USER_PATHS = NO;
				CLANG_CXX_LANGUAGE_STANDARD = "gnu++0x";
				CLANG_CXX_LIBRARY = "libc++";
				CLANG_ENABLE_MODULES = YES;
				CLANG_ENABLE_OBJC_ARC = YES;
				CLANG_WARN_BOOL_CONVERSION = YES;
				CLANG_WARN_CONSTANT_CONVERSION = YES;
				CLANG_WARN_DIRECT_OBJC_ISA_USAGE = YES_ERROR;
				CLANG_WARN_EMPTY_BODY = YES;
				CLANG_WARN_ENUM_CONVERSION = YES;
				CLANG_WARN_INT_CONVERSION = YES;
				CLANG_WARN_OBJC_ROOT_CLASS = YES_ERROR;
				CLANG_WARN_UNREACHABLE_CODE = YES;
				CLANG_WARN__DUPLICATE_METHOD_MATCH = YES;
				COPY_PHASE_STRIP = NO;
				DEBUG_INFORMATION_FORMAT = "dwarf-with-dsym";
				ENABLE_NS_ASSERTIONS = NO;
				ENABLE_STRICT_OBJC_MSGSEND = YES;
				GCC_C_LANGUAGE_STANDARD = gnu99;
				GCC_NO_COMMON_BLOCKS = YES;
				GCC_WARN_64_TO_32_BIT_CONVERSION = YES;
				GCC_WARN_ABOUT_RETURN_TYPE = YES_ERROR;
				GCC_WARN_UNDECLARED_SELECTOR = YES;
				GCC_WARN_UNINITIALIZED_AUTOS = YES_AGGRESSIVE;
				GCC_WARN_UNUSED_FUNCTION = YES;
				GCC_WARN_UNUSED_VARIABLE = YES;
				MTL_ENABLE_DEBUG_INFO = NO;
				SDKROOT = appletvos;
				TARGETED_DEVICE_FAMILY = 3;
				TVOS_DEPLOYMENT_TARGET = 9.1;
				VALIDATE_PRODUCT = YES;
			};
			name = Release;
		};
		DE698DC81C398FE6002584EC /* Debug */ = {
			isa = XCBuildConfiguration;
			buildSettings = {
				ASSETCATALOG_COMPILER_APPICON_NAME = "App Icon & Top Shelf Image";
				ASSETCATALOG_COMPILER_LAUNCHIMAGE_NAME = LaunchImage;
				INFOPLIST_FILE = Telemat/Info.plist;
				LD_RUNPATH_SEARCH_PATHS = "$(inherited) @executable_path/Frameworks";
				PRODUCT_BUNDLE_IDENTIFIER = com.werk01.Telemat;
				PRODUCT_NAME = "$(TARGET_NAME)";
			};
			name = Debug;
		};
		DE698DC91C398FE6002584EC /* Release */ = {
			isa = XCBuildConfiguration;
			buildSettings = {
				ASSETCATALOG_COMPILER_APPICON_NAME = "App Icon & Top Shelf Image";
				ASSETCATALOG_COMPILER_LAUNCHIMAGE_NAME = LaunchImage;
				INFOPLIST_FILE = Telemat/Info.plist;
				LD_RUNPATH_SEARCH_PATHS = "$(inherited) @executable_path/Frameworks";
				PRODUCT_BUNDLE_IDENTIFIER = com.werk01.Telemat;
				PRODUCT_NAME = "$(TARGET_NAME)";
			};
			name = Release;
		};
		DE698DDF1C39DAAA002584EC /* Debug */ = {
			isa = XCBuildConfiguration;
			buildSettings = {
				CODE_SIGN_IDENTITY = "iPhone Developer";
				"CODE_SIGN_IDENTITY[sdk=appletvos*]" = "iPhone Developer";
				INFOPLIST_FILE = TelematShelfExtension/Info.plist;
				LD_RUNPATH_SEARCH_PATHS = "$(inherited) @executable_path/Frameworks @executable_path/../../Frameworks";
				PRODUCT_BUNDLE_IDENTIFIER = com.werk01.Telemat.TelematShelfExtension;
				PRODUCT_NAME = "$(TARGET_NAME)";
				PROVISIONING_PROFILE = "";
				SKIP_INSTALL = YES;
			};
			name = Debug;
		};
		DE698DE01C39DAAA002584EC /* Release */ = {
			isa = XCBuildConfiguration;
			buildSettings = {
				CODE_SIGN_IDENTITY = "iPhone Developer";
				"CODE_SIGN_IDENTITY[sdk=appletvos*]" = "iPhone Developer";
				INFOPLIST_FILE = TelematShelfExtension/Info.plist;
				LD_RUNPATH_SEARCH_PATHS = "$(inherited) @executable_path/Frameworks @executable_path/../../Frameworks";
				PRODUCT_BUNDLE_IDENTIFIER = com.werk01.Telemat.TelematShelfExtension;
				PRODUCT_NAME = "$(TARGET_NAME)";
				PROVISIONING_PROFILE = "";
				SKIP_INSTALL = YES;
			};
			name = Release;
		};
/* End XCBuildConfiguration section */

/* Begin XCConfigurationList section */
		DE698DAE1C398FE6002584EC /* Build configuration list for PBXProject "Telemat" */ = {
			isa = XCConfigurationList;
			buildConfigurations = (
				DE698DC51C398FE6002584EC /* Debug */,
				DE698DC61C398FE6002584EC /* Release */,
			);
			defaultConfigurationIsVisible = 0;
			defaultConfigurationName = Release;
		};
		DE698DC71C398FE6002584EC /* Build configuration list for PBXNativeTarget "Telemat" */ = {
			isa = XCConfigurationList;
			buildConfigurations = (
				DE698DC81C398FE6002584EC /* Debug */,
				DE698DC91C398FE6002584EC /* Release */,
			);
			defaultConfigurationIsVisible = 0;
			defaultConfigurationName = Release;
		};
		DE698DE11C39DAAA002584EC /* Build configuration list for PBXNativeTarget "TelematShelfExtension" */ = {
			isa = XCConfigurationList;
			buildConfigurations = (
				DE698DDF1C39DAAA002584EC /* Debug */,
				DE698DE01C39DAAA002584EC /* Release */,
			);
			defaultConfigurationIsVisible = 0;
			defaultConfigurationName = Release;
		};
/* End XCConfigurationList section */
	};
	rootObject = DE698DAB1C398FE6002584EC /* Project object */;
}
